
Microsoft Visual Studio Solution File, Format Version 12.00
# Visual Studio Version 16
VisualStudioVersion = 16.0.32929.386
MinimumVisualStudioVersion = 10.0.40219.1
Project("{FAE04EC0-301F-11D3-BF4B-00C04F79EFBC}") = "Home2in1", "Home2in1\Home2in1.csproj", "{CFD49E8D-4AED-4167-9107-ED041916C9BB}"
EndProject
Global
	GlobalSection(SolutionConfigurationPlatforms) = preSolution
		Debug|Any CPU = Debug|Any CPU
		Release|Any CPU = Release|Any CPU
	EndGlobalSection
	GlobalSection(ProjectConfigurationPlatforms) = postSolution
		{CFD49E8D-4AED-4167-9107-ED041916C9BB}.Debug|Any CPU.ActiveCfg = Debug|Any CPU
		{CFD49E8D-4AED-4167-9107-ED041916C9BB}.Debug|Any CPU.Build.0 = Debug|Any CPU
		{CFD49E8D-4AED-4167-9107-ED041916C9BB}.Release|Any CPU.ActiveCfg = Release|Any CPU
		{CFD49E8D-4AED-4167-9107-ED041916C9BB}.Release|Any CPU.Build.0 = Release|Any CPU
	EndGlobalSection
	GlobalSection(SolutionProperties) = preSolution
		HideSolutionNode = FALSE
	EndGlobalSection
	GlobalSection(ExtensibilityGlobals) = postSolution
		SolutionGuid = {6BE3282F-78A5-49AE-9FE7-7C59DF7A7880}
	EndGlobalSection
EndGlobal
